
Microsoft Visual Studio Solution File, Format Version 12.00
# Visual Studio Version 17
VisualStudioVersion = 17.8.34525.116
MinimumVisualStudioVersion = 10.0.40219.1
Project("{FAE04EC0-301F-11D3-BF4B-00C04F79EFBC}") = "Personel_Kayit", "Personel_Kayit.csproj", "{21391E08-D8DB-468D-9982-6587C2ACE64A}"
EndProject
Global
	GlobalSection(SolutionConfigurationPlatforms) = preSolution
		Debug|Any CPU = Debug|Any CPU
		Release|Any CPU = Release|Any CPU
	EndGlobalSection
	GlobalSection(ProjectConfigurationPlatforms) = postSolution
		{21391E08-D8DB-468D-9982-6587C2ACE64A}.Debug|Any CPU.ActiveCfg = Debug|Any CPU
		{21391E08-D8DB-468D-9982-6587C2ACE64A}.Debug|Any CPU.Build.0 = Debug|Any CPU
		{21391E08-D8DB-468D-9982-6587C2ACE64A}.Release|Any CPU.ActiveCfg = Release|Any CPU
		{21391E08-D8DB-468D-9982-6587C2ACE64A}.Release|Any CPU.Build.0 = Release|Any CPU
	EndGlobalSection
	GlobalSection(SolutionProperties) = preSolution
		HideSolutionNode = FALSE
	EndGlobalSection
	GlobalSection(ExtensibilityGlobals) = postSolution
		SolutionGuid = {4EDB4F36-F105-4759-8373-8D91AD7E0597}
	EndGlobalSection
EndGlobal
